
Microsoft Visual Studio Solution File, Format Version 12.00
# Visual Studio Version 16
VisualStudioVersion = 16.0.29613.14
MinimumVisualStudioVersion = 10.0.40219.1
Project("{9A19103F-16F7-4668-BE54-9A1E7A4F7556}") = "API", "API\API.csproj", "{485C7BB5-7D5C-44E7-9DBE-5B49A638B5DB}"
EndProject
Project("{9A19103F-16F7-4668-BE54-9A1E7A4F7556}") = "Application", "Application\Application.csproj", "{2B03EF89-8702-4F4C-AAA3-557338040BFA}"
EndProject
Project("{9A19103F-16F7-4668-BE54-9A1E7A4F7556}") = "Persistence", "Persistence\Persistence.csproj", "{E9F5B7F7-0918-47FE-8B06-517006BA69BB}"
EndProject
Project("{FAE04EC0-301F-11D3-BF4B-00C04F79EFBC}") = "Infrastructure", "Infrastructure\Infrastructure.csproj", "{C48AA8B9-3ED9-4655-9580-C8B1789A2DB2}"
EndProject
Project("{FAE04EC0-301F-11D3-BF4B-00C04F79EFBC}") = "Domain", "Domain\Domain.csproj", "{011EB2EC-367C-4003-93CF-38ACF4BAE853}"
EndProject
Global
	GlobalSection(SolutionConfigurationPlatforms) = preSolution
		Debug|Any CPU = Debug|Any CPU
		Release|Any CPU = Release|Any CPU
	EndGlobalSection
	GlobalSection(ProjectConfigurationPlatforms) = postSolution
		{485C7BB5-7D5C-44E7-9DBE-5B49A638B5DB}.Debug|Any CPU.ActiveCfg = Debug|Any CPU
		{485C7BB5-7D5C-44E7-9DBE-5B49A638B5DB}.Debug|Any CPU.Build.0 = Debug|Any CPU
		{485C7BB5-7D5C-44E7-9DBE-5B49A638B5DB}.Release|Any CPU.ActiveCfg = Release|Any CPU
		{485C7BB5-7D5C-44E7-9DBE-5B49A638B5DB}.Release|Any CPU.Build.0 = Release|Any CPU
		{2B03EF89-8702-4F4C-AAA3-557338040BFA}.Debug|Any CPU.ActiveCfg = Debug|Any CPU
		{2B03EF89-8702-4F4C-AAA3-557338040BFA}.Debug|Any CPU.Build.0 = Debug|Any CPU
		{2B03EF89-8702-4F4C-AAA3-557338040BFA}.Release|Any CPU.ActiveCfg = Release|Any CPU
		{2B03EF89-8702-4F4C-AAA3-557338040BFA}.Release|Any CPU.Build.0 = Release|Any CPU
		{E9F5B7F7-0918-47FE-8B06-517006BA69BB}.Debug|Any CPU.ActiveCfg = Debug|Any CPU
		{E9F5B7F7-0918-47FE-8B06-517006BA69BB}.Debug|Any CPU.Build.0 = Debug|Any CPU
		{E9F5B7F7-0918-47FE-8B06-517006BA69BB}.Release|Any CPU.ActiveCfg = Release|Any CPU
		{E9F5B7F7-0918-47FE-8B06-517006BA69BB}.Release|Any CPU.Build.0 = Release|Any CPU
		{C48AA8B9-3ED9-4655-9580-C8B1789A2DB2}.Debug|Any CPU.ActiveCfg = Debug|Any CPU
		{C48AA8B9-3ED9-4655-9580-C8B1789A2DB2}.Debug|Any CPU.Build.0 = Debug|Any CPU
		{C48AA8B9-3ED9-4655-9580-C8B1789A2DB2}.Release|Any CPU.ActiveCfg = Release|Any CPU
		{C48AA8B9-3ED9-4655-9580-C8B1789A2DB2}.Release|Any CPU.Build.0 = Release|Any CPU
		{011EB2EC-367C-4003-93CF-38ACF4BAE853}.Debug|Any CPU.ActiveCfg = Debug|Any CPU
		{011EB2EC-367C-4003-93CF-38ACF4BAE853}.Debug|Any CPU.Build.0 = Debug|Any CPU
		{011EB2EC-367C-4003-93CF-38ACF4BAE853}.Release|Any CPU.ActiveCfg = Release|Any CPU
		{011EB2EC-367C-4003-93CF-38ACF4BAE853}.Release|Any CPU.Build.0 = Release|Any CPU
	EndGlobalSection
	GlobalSection(SolutionProperties) = preSolution
		HideSolutionNode = FALSE
	EndGlobalSection
	GlobalSection(ExtensibilityGlobals) = postSolution
		SolutionGuid = {8523A653-909C-4BB0-913F-28DF0EDCDB2D}
	EndGlobalSection
EndGlobal
